{
  "originHash" : "2d2d1aba8f4bf765315b25b460fcf204beadd1651c35e143bb7a4af34ada8d42",
  "pins" : [
    {
      "identity" : "grdb.swift",
      "kind" : "remoteSourceControl",
      "location" : "https://github.com/duckduckgo/GRDB.swift",
      "state" : {
        "revision" : "80cae244b20530bc3a4aae93ed2f211167ac08c0",
        "version" : "2.4.2-1"
      }
    }
  ],
  "version" : 3
}
